
Microsoft Visual Studio Solution File, Format Version 11.00
# Visual Studio 2010
Project("{FAE04EC0-301F-11D3-BF4B-00C04F79EFBC}") = "Resume.Web", "Resume\Resume.Web.csproj", "{7C15C957-BD9D-4B9A-B8DA-A3CCEEFDF8D1}"
EndProject
Project("{FAE04EC0-301F-11D3-BF4B-00C04F79EFBC}") = "Resume.Test", "Resume.Tests\Resume.Test.csproj", "{71474081-65CD-4C42-9FC0-66F10A559918}"
EndProject
Project("{FAE04EC0-301F-11D3-BF4B-00C04F79EFBC}") = "Resume.Core", "Resume.DLL\Resume.Core.csproj", "{273C0569-33EE-4E78-8949-346DC62A6F75}"
EndProject
Project("{FAE04EC0-301F-11D3-BF4B-00C04F79EFBC}") = "Resume.Infrastructure", "Resume.BLL\Resume.Infrastructure.csproj", "{9068B467-2F21-4A2B-96F4-F66BE6F7A4EA}"
EndProject
Global
	GlobalSection(SolutionConfigurationPlatforms) = preSolution
		Debug|Any CPU = Debug|Any CPU
		Release|Any CPU = Release|Any CPU
	EndGlobalSection
	GlobalSection(ProjectConfigurationPlatforms) = postSolution
		{7C15C957-BD9D-4B9A-B8DA-A3CCEEFDF8D1}.Debug|Any CPU.ActiveCfg = Debug|Any CPU
		{7C15C957-BD9D-4B9A-B8DA-A3CCEEFDF8D1}.Debug|Any CPU.Build.0 = Debug|Any CPU
		{7C15C957-BD9D-4B9A-B8DA-A3CCEEFDF8D1}.Release|Any CPU.ActiveCfg = Release|Any CPU
		{7C15C957-BD9D-4B9A-B8DA-A3CCEEFDF8D1}.Release|Any CPU.Build.0 = Release|Any CPU
		{71474081-65CD-4C42-9FC0-66F10A559918}.Debug|Any CPU.ActiveCfg = Debug|Any CPU
		{71474081-65CD-4C42-9FC0-66F10A559918}.Debug|Any CPU.Build.0 = Debug|Any CPU
		{71474081-65CD-4C42-9FC0-66F10A559918}.Release|Any CPU.ActiveCfg = Release|Any CPU
		{71474081-65CD-4C42-9FC0-66F10A559918}.Release|Any CPU.Build.0 = Release|Any CPU
		{273C0569-33EE-4E78-8949-346DC62A6F75}.Debug|Any CPU.ActiveCfg = Debug|Any CPU
		{273C0569-33EE-4E78-8949-346DC62A6F75}.Debug|Any CPU.Build.0 = Debug|Any CPU
		{273C0569-33EE-4E78-8949-346DC62A6F75}.Release|Any CPU.ActiveCfg = Release|Any CPU
		{273C0569-33EE-4E78-8949-346DC62A6F75}.Release|Any CPU.Build.0 = Release|Any CPU
		{9068B467-2F21-4A2B-96F4-F66BE6F7A4EA}.Debug|Any CPU.ActiveCfg = Debug|Any CPU
		{9068B467-2F21-4A2B-96F4-F66BE6F7A4EA}.Debug|Any CPU.Build.0 = Debug|Any CPU
		{9068B467-2F21-4A2B-96F4-F66BE6F7A4EA}.Release|Any CPU.ActiveCfg = Release|Any CPU
		{9068B467-2F21-4A2B-96F4-F66BE6F7A4EA}.Release|Any CPU.Build.0 = Release|Any CPU
	EndGlobalSection
	GlobalSection(SolutionProperties) = preSolution
		HideSolutionNode = FALSE
	EndGlobalSection
EndGlobal
